
Microsoft Visual Studio Solution File, Format Version 12.00
# Visual Studio Version 16
VisualStudioVersion = 16.0.30709.132
MinimumVisualStudioVersion = 10.0.40219.1
Project("{9A19103F-16F7-4668-BE54-9A1E7A4F7556}") = "GameSelect", "GameSelect\GameSelect.csproj", "{3C33D04B-91D5-4023-9C3F-1C2B19A606A6}"
EndProject
Project("{9A19103F-16F7-4668-BE54-9A1E7A4F7556}") = "Dominio.Entidades", "Dominio.Entidades\Dominio.Entidades.csproj", "{3ED128A6-B63C-41D1-AE0F-E5397A38BC15}"
EndProject
Project("{2150E333-8FDC-42A3-9474-1A3956D46DE8}") = "1 - Visual", "1 - Visual", "{A252E747-B4A7-446A-A689-D932F44978C8}"
EndProject
Project("{2150E333-8FDC-42A3-9474-1A3956D46DE8}") = "3 - Dominio", "3 - Dominio", "{AEE5C571-D162-4FAC-80E9-1745DF0F1D4E}"
EndProject
Project("{2150E333-8FDC-42A3-9474-1A3956D46DE8}") = "5 - Teste", "5 - Teste", "{DF8B53AA-7669-49BC-B1F8-B8D737BAD021}"
EndProject
Project("{9A19103F-16F7-4668-BE54-9A1E7A4F7556}") = "Dominio.Service", "Dominio.Services\Dominio.Service.csproj", "{9EC68182-D529-4313-9079-EBE3C1CDECAE}"
EndProject
Project("{2150E333-8FDC-42A3-9474-1A3956D46DE8}") = "2 - Application", "2 - Application", "{E1018BDE-95F9-4A9B-8407-920615948A1A}"
EndProject
Project("{9A19103F-16F7-4668-BE54-9A1E7A4F7556}") = "Game.CrossCutting.IoC", "Game.IoC\Game.CrossCutting.IoC.csproj", "{8431DDA8-C580-4889-BB47-1364E480BF92}"
EndProject
Project("{9A19103F-16F7-4668-BE54-9A1E7A4F7556}") = "Game.DTO", "Game.DTO\Game.DTO.csproj", "{C519B9AB-6E6E-4D3B-9833-C4BDF3E9CD60}"
EndProject
Project("{9A19103F-16F7-4668-BE54-9A1E7A4F7556}") = "GameMVC", "GameMVC\GameMVC.csproj", "{E0196694-D6DF-4101-87AB-6F80EDEB8B3A}"
EndProject
Project("{2150E333-8FDC-42A3-9474-1A3956D46DE8}") = "4 - Infra", "4 - Infra", "{A44CABDA-73EF-4E93-9692-E701A09759C1}"
EndProject
Project("{9A19103F-16F7-4668-BE54-9A1E7A4F7556}") = "Game.Infra", "Game.Infra\Game.Infra.csproj", "{CBEF6028-2A45-4D8F-A50C-E8D93F22D6EE}"
EndProject
Project("{2150E333-8FDC-42A3-9474-1A3956D46DE8}") = "0 - Notes", "0 - Notes", "{7B885025-76FE-46E7-9D49-653D3A320F5D}"
	ProjectSection(SolutionItems) = preProject
		EFComandos.txt = EFComandos.txt
	EndProjectSection
EndProject
Project("{9A19103F-16F7-4668-BE54-9A1E7A4F7556}") = "Game.Application", "Game.Application\Game.Application.csproj", "{E982C447-EEFF-4F13-9187-31AE7F2CF75C}"
EndProject
Project("{FAE04EC0-301F-11D3-BF4B-00C04F79EFBC}") = "Game.CrossCutting.AutoMapper", "Game.CrossCutting.AutoMapper\Game.CrossCutting.AutoMapper.csproj", "{CB2DE840-B225-4DBB-9860-925929F3D477}"
EndProject
Global
	GlobalSection(SolutionConfigurationPlatforms) = preSolution
		Debug|Any CPU = Debug|Any CPU
		Release|Any CPU = Release|Any CPU
	EndGlobalSection
	GlobalSection(ProjectConfigurationPlatforms) = postSolution
		{3C33D04B-91D5-4023-9C3F-1C2B19A606A6}.Debug|Any CPU.ActiveCfg = Debug|Any CPU
		{3C33D04B-91D5-4023-9C3F-1C2B19A606A6}.Debug|Any CPU.Build.0 = Debug|Any CPU
		{3C33D04B-91D5-4023-9C3F-1C2B19A606A6}.Release|Any CPU.ActiveCfg = Release|Any CPU
		{3C33D04B-91D5-4023-9C3F-1C2B19A606A6}.Release|Any CPU.Build.0 = Release|Any CPU
		{3ED128A6-B63C-41D1-AE0F-E5397A38BC15}.Debug|Any CPU.ActiveCfg = Debug|Any CPU
		{3ED128A6-B63C-41D1-AE0F-E5397A38BC15}.Debug|Any CPU.Build.0 = Debug|Any CPU
		{3ED128A6-B63C-41D1-AE0F-E5397A38BC15}.Release|Any CPU.ActiveCfg = Release|Any CPU
		{3ED128A6-B63C-41D1-AE0F-E5397A38BC15}.Release|Any CPU.Build.0 = Release|Any CPU
		{9EC68182-D529-4313-9079-EBE3C1CDECAE}.Debug|Any CPU.ActiveCfg = Debug|Any CPU
		{9EC68182-D529-4313-9079-EBE3C1CDECAE}.Debug|Any CPU.Build.0 = Debug|Any CPU
		{9EC68182-D529-4313-9079-EBE3C1CDECAE}.Release|Any CPU.ActiveCfg = Release|Any CPU
		{9EC68182-D529-4313-9079-EBE3C1CDECAE}.Release|Any CPU.Build.0 = Release|Any CPU
		{8431DDA8-C580-4889-BB47-1364E480BF92}.Debug|Any CPU.ActiveCfg = Debug|Any CPU
		{8431DDA8-C580-4889-BB47-1364E480BF92}.Debug|Any CPU.Build.0 = Debug|Any CPU
		{8431DDA8-C580-4889-BB47-1364E480BF92}.Release|Any CPU.ActiveCfg = Release|Any CPU
		{8431DDA8-C580-4889-BB47-1364E480BF92}.Release|Any CPU.Build.0 = Release|Any CPU
		{C519B9AB-6E6E-4D3B-9833-C4BDF3E9CD60}.Debug|Any CPU.ActiveCfg = Debug|Any CPU
		{C519B9AB-6E6E-4D3B-9833-C4BDF3E9CD60}.Debug|Any CPU.Build.0 = Debug|Any CPU
		{C519B9AB-6E6E-4D3B-9833-C4BDF3E9CD60}.Release|Any CPU.ActiveCfg = Release|Any CPU
		{C519B9AB-6E6E-4D3B-9833-C4BDF3E9CD60}.Release|Any CPU.Build.0 = Release|Any CPU
		{E0196694-D6DF-4101-87AB-6F80EDEB8B3A}.Debug|Any CPU.ActiveCfg = Debug|Any CPU
		{E0196694-D6DF-4101-87AB-6F80EDEB8B3A}.Debug|Any CPU.Build.0 = Debug|Any CPU
		{E0196694-D6DF-4101-87AB-6F80EDEB8B3A}.Release|Any CPU.ActiveCfg = Release|Any CPU
		{E0196694-D6DF-4101-87AB-6F80EDEB8B3A}.Release|Any CPU.Build.0 = Release|Any CPU
		{CBEF6028-2A45-4D8F-A50C-E8D93F22D6EE}.Debug|Any CPU.ActiveCfg = Debug|Any CPU
		{CBEF6028-2A45-4D8F-A50C-E8D93F22D6EE}.Debug|Any CPU.Build.0 = Debug|Any CPU
		{CBEF6028-2A45-4D8F-A50C-E8D93F22D6EE}.Release|Any CPU.ActiveCfg = Release|Any CPU
		{CBEF6028-2A45-4D8F-A50C-E8D93F22D6EE}.Release|Any CPU.Build.0 = Release|Any CPU
		{E982C447-EEFF-4F13-9187-31AE7F2CF75C}.Debug|Any CPU.ActiveCfg = Debug|Any CPU
		{E982C447-EEFF-4F13-9187-31AE7F2CF75C}.Debug|Any CPU.Build.0 = Debug|Any CPU
		{E982C447-EEFF-4F13-9187-31AE7F2CF75C}.Release|Any CPU.ActiveCfg = Release|Any CPU
		{E982C447-EEFF-4F13-9187-31AE7F2CF75C}.Release|Any CPU.Build.0 = Release|Any CPU
		{CB2DE840-B225-4DBB-9860-925929F3D477}.Debug|Any CPU.ActiveCfg = Debug|Any CPU
		{CB2DE840-B225-4DBB-9860-925929F3D477}.Debug|Any CPU.Build.0 = Debug|Any CPU
		{CB2DE840-B225-4DBB-9860-925929F3D477}.Release|Any CPU.ActiveCfg = Release|Any CPU
		{CB2DE840-B225-4DBB-9860-925929F3D477}.Release|Any CPU.Build.0 = Release|Any CPU
	EndGlobalSection
	GlobalSection(SolutionProperties) = preSolution
		HideSolutionNode = FALSE
	EndGlobalSection
	GlobalSection(NestedProjects) = preSolution
		{3C33D04B-91D5-4023-9C3F-1C2B19A606A6} = {A252E747-B4A7-446A-A689-D932F44978C8}
		{3ED128A6-B63C-41D1-AE0F-E5397A38BC15} = {AEE5C571-D162-4FAC-80E9-1745DF0F1D4E}
		{9EC68182-D529-4313-9079-EBE3C1CDECAE} = {AEE5C571-D162-4FAC-80E9-1745DF0F1D4E}
		{8431DDA8-C580-4889-BB47-1364E480BF92} = {E1018BDE-95F9-4A9B-8407-920615948A1A}
		{C519B9AB-6E6E-4D3B-9833-C4BDF3E9CD60} = {E1018BDE-95F9-4A9B-8407-920615948A1A}
		{E0196694-D6DF-4101-87AB-6F80EDEB8B3A} = {A252E747-B4A7-446A-A689-D932F44978C8}
		{CBEF6028-2A45-4D8F-A50C-E8D93F22D6EE} = {A44CABDA-73EF-4E93-9692-E701A09759C1}
		{E982C447-EEFF-4F13-9187-31AE7F2CF75C} = {E1018BDE-95F9-4A9B-8407-920615948A1A}
		{CB2DE840-B225-4DBB-9860-925929F3D477} = {E1018BDE-95F9-4A9B-8407-920615948A1A}
	EndGlobalSection
	GlobalSection(ExtensibilityGlobals) = postSolution
		SolutionGuid = {4D51ABF8-9180-4557-A3CA-9DD0643C8FE7}
	EndGlobalSection
EndGlobal
